
Microsoft Visual Studio Solution File, Format Version 12.00
# Visual Studio 2012
Project("{FAE04EC0-301F-11D3-BF4B-00C04F79EFBC}") = "WP7 Tracker", "WP7 Tracker.csproj", "{CFC29A7A-949D-43C8-AEBB-7C4302BB0170}"
EndProject
Global
	GlobalSection(TeamFoundationVersionControl) = preSolution
		SccNumberOfProjects = 2
		SccEnterpriseProvider = {4CA58AB2-18FA-4F8D-95D4-32DDF27D184C}
		SccTeamFoundationServer = https://adkinssd.visualstudio.com/defaultcollection
		SccLocalPath0 = .
		SccProjectUniqueName1 = WP7\u0020Tracker.csproj
		SccLocalPath1 = .
	EndGlobalSection
	GlobalSection(SolutionConfigurationPlatforms) = preSolution
		Alpha|Any CPU = Alpha|Any CPU
		Alpha|ARM = Alpha|ARM
		Alpha|x86 = Alpha|x86
		Beta|Any CPU = Beta|Any CPU
		Beta|ARM = Beta|ARM
		Beta|x86 = Beta|x86
		Debug|Any CPU = Debug|Any CPU
		Debug|ARM = Debug|ARM
		Debug|x86 = Debug|x86
		Release Candidate|Any CPU = Release Candidate|Any CPU
		Release Candidate|ARM = Release Candidate|ARM
		Release Candidate|x86 = Release Candidate|x86
		Release to Marketplace|Any CPU = Release to Marketplace|Any CPU
		Release to Marketplace|ARM = Release to Marketplace|ARM
		Release to Marketplace|x86 = Release to Marketplace|x86
		Release|Any CPU = Release|Any CPU
		Release|ARM = Release|ARM
		Release|x86 = Release|x86
	EndGlobalSection
	GlobalSection(ProjectConfigurationPlatforms) = postSolution
		{CFC29A7A-949D-43C8-AEBB-7C4302BB0170}.Alpha|Any CPU.ActiveCfg = Alpha|Any CPU
		{CFC29A7A-949D-43C8-AEBB-7C4302BB0170}.Alpha|Any CPU.Build.0 = Alpha|Any CPU
		{CFC29A7A-949D-43C8-AEBB-7C4302BB0170}.Alpha|Any CPU.Deploy.0 = Alpha|Any CPU
		{CFC29A7A-949D-43C8-AEBB-7C4302BB0170}.Alpha|ARM.ActiveCfg = Alpha|ARM
		{CFC29A7A-949D-43C8-AEBB-7C4302BB0170}.Alpha|ARM.Build.0 = Alpha|ARM
		{CFC29A7A-949D-43C8-AEBB-7C4302BB0170}.Alpha|ARM.Deploy.0 = Alpha|ARM
		{CFC29A7A-949D-43C8-AEBB-7C4302BB0170}.Alpha|x86.ActiveCfg = Alpha|x86
		{CFC29A7A-949D-43C8-AEBB-7C4302BB0170}.Alpha|x86.Build.0 = Alpha|x86
		{CFC29A7A-949D-43C8-AEBB-7C4302BB0170}.Alpha|x86.Deploy.0 = Alpha|x86
		{CFC29A7A-949D-43C8-AEBB-7C4302BB0170}.Beta|Any CPU.ActiveCfg = Beta|Any CPU
		{CFC29A7A-949D-43C8-AEBB-7C4302BB0170}.Beta|Any CPU.Build.0 = Beta|Any CPU
		{CFC29A7A-949D-43C8-AEBB-7C4302BB0170}.Beta|Any CPU.Deploy.0 = Beta|Any CPU
		{CFC29A7A-949D-43C8-AEBB-7C4302BB0170}.Beta|ARM.ActiveCfg = Beta|ARM
		{CFC29A7A-949D-43C8-AEBB-7C4302BB0170}.Beta|ARM.Build.0 = Beta|ARM
		{CFC29A7A-949D-43C8-AEBB-7C4302BB0170}.Beta|ARM.Deploy.0 = Beta|ARM
		{CFC29A7A-949D-43C8-AEBB-7C4302BB0170}.Beta|x86.ActiveCfg = Beta|x86
		{CFC29A7A-949D-43C8-AEBB-7C4302BB0170}.Beta|x86.Build.0 = Beta|x86
		{CFC29A7A-949D-43C8-AEBB-7C4302BB0170}.Beta|x86.Deploy.0 = Beta|x86
		{CFC29A7A-949D-43C8-AEBB-7C4302BB0170}.Debug|Any CPU.ActiveCfg = Debug|Any CPU
		{CFC29A7A-949D-43C8-AEBB-7C4302BB0170}.Debug|Any CPU.Build.0 = Debug|Any CPU
		{CFC29A7A-949D-43C8-AEBB-7C4302BB0170}.Debug|Any CPU.Deploy.0 = Debug|Any CPU
		{CFC29A7A-949D-43C8-AEBB-7C4302BB0170}.Debug|ARM.ActiveCfg = Debug|ARM
		{CFC29A7A-949D-43C8-AEBB-7C4302BB0170}.Debug|ARM.Build.0 = Debug|ARM
		{CFC29A7A-949D-43C8-AEBB-7C4302BB0170}.Debug|ARM.Deploy.0 = Debug|ARM
		{CFC29A7A-949D-43C8-AEBB-7C4302BB0170}.Debug|x86.ActiveCfg = Debug|x86
		{CFC29A7A-949D-43C8-AEBB-7C4302BB0170}.Debug|x86.Build.0 = Debug|x86
		{CFC29A7A-949D-43C8-AEBB-7C4302BB0170}.Debug|x86.Deploy.0 = Debug|x86
		{CFC29A7A-949D-43C8-AEBB-7C4302BB0170}.Release Candidate|Any CPU.ActiveCfg = Release Candidate|Any CPU
		{CFC29A7A-949D-43C8-AEBB-7C4302BB0170}.Release Candidate|Any CPU.Build.0 = Release Candidate|Any CPU
		{CFC29A7A-949D-43C8-AEBB-7C4302BB0170}.Release Candidate|Any CPU.Deploy.0 = Release Candidate|Any CPU
		{CFC29A7A-949D-43C8-AEBB-7C4302BB0170}.Release Candidate|ARM.ActiveCfg = Release Candidate|ARM
		{CFC29A7A-949D-43C8-AEBB-7C4302BB0170}.Release Candidate|ARM.Build.0 = Release Candidate|ARM
		{CFC29A7A-949D-43C8-AEBB-7C4302BB0170}.Release Candidate|ARM.Deploy.0 = Release Candidate|ARM
		{CFC29A7A-949D-43C8-AEBB-7C4302BB0170}.Release Candidate|x86.ActiveCfg = Release Candidate|x86
		{CFC29A7A-949D-43C8-AEBB-7C4302BB0170}.Release Candidate|x86.Build.0 = Release Candidate|x86
		{CFC29A7A-949D-43C8-AEBB-7C4302BB0170}.Release Candidate|x86.Deploy.0 = Release Candidate|x86
		{CFC29A7A-949D-43C8-AEBB-7C4302BB0170}.Release to Marketplace|Any CPU.ActiveCfg = Release to Marketplace|Any CPU
		{CFC29A7A-949D-43C8-AEBB-7C4302BB0170}.Release to Marketplace|Any CPU.Build.0 = Release to Marketplace|Any CPU
		{CFC29A7A-949D-43C8-AEBB-7C4302BB0170}.Release to Marketplace|Any CPU.Deploy.0 = Release to Marketplace|Any CPU
		{CFC29A7A-949D-43C8-AEBB-7C4302BB0170}.Release to Marketplace|ARM.ActiveCfg = Release to Marketplace|ARM
		{CFC29A7A-949D-43C8-AEBB-7C4302BB0170}.Release to Marketplace|ARM.Build.0 = Release to Marketplace|ARM
		{CFC29A7A-949D-43C8-AEBB-7C4302BB0170}.Release to Marketplace|ARM.Deploy.0 = Release to Marketplace|ARM
		{CFC29A7A-949D-43C8-AEBB-7C4302BB0170}.Release to Marketplace|x86.ActiveCfg = Release to Marketplace|x86
		{CFC29A7A-949D-43C8-AEBB-7C4302BB0170}.Release to Marketplace|x86.Build.0 = Release to Marketplace|x86
		{CFC29A7A-949D-43C8-AEBB-7C4302BB0170}.Release to Marketplace|x86.Deploy.0 = Release to Marketplace|x86
		{CFC29A7A-949D-43C8-AEBB-7C4302BB0170}.Release|Any CPU.ActiveCfg = Release|Any CPU
		{CFC29A7A-949D-43C8-AEBB-7C4302BB0170}.Release|Any CPU.Build.0 = Release|Any CPU
		{CFC29A7A-949D-43C8-AEBB-7C4302BB0170}.Release|Any CPU.Deploy.0 = Release|Any CPU
		{CFC29A7A-949D-43C8-AEBB-7C4302BB0170}.Release|ARM.ActiveCfg = Release|ARM
		{CFC29A7A-949D-43C8-AEBB-7C4302BB0170}.Release|ARM.Build.0 = Release|ARM
		{CFC29A7A-949D-43C8-AEBB-7C4302BB0170}.Release|ARM.Deploy.0 = Release|ARM
		{CFC29A7A-949D-43C8-AEBB-7C4302BB0170}.Release|x86.ActiveCfg = Release|x86
		{CFC29A7A-949D-43C8-AEBB-7C4302BB0170}.Release|x86.Build.0 = Release|x86
		{CFC29A7A-949D-43C8-AEBB-7C4302BB0170}.Release|x86.Deploy.0 = Release|x86
	EndGlobalSection
	GlobalSection(SolutionProperties) = preSolution
		HideSolutionNode = FALSE
	EndGlobalSection
EndGlobal
